
Microsoft Visual Studio Solution File, Format Version 12.00
Project("{FAE04EC0-301F-11D3-BF4B-00C04F79EFBC}") = "cw1", "cw1\cw1.csproj", "{428E194C-3D5B-4A4A-B5B5-CC8EBF54912B}"
EndProject
Global
	GlobalSection(SolutionConfigurationPlatforms) = preSolution
		Debug|Any CPU = Debug|Any CPU
		Release|Any CPU = Release|Any CPU
	EndGlobalSection
	GlobalSection(ProjectConfigurationPlatforms) = postSolution
		{428E194C-3D5B-4A4A-B5B5-CC8EBF54912B}.Debug|Any CPU.ActiveCfg = Debug|Any CPU
		{428E194C-3D5B-4A4A-B5B5-CC8EBF54912B}.Debug|Any CPU.Build.0 = Debug|Any CPU
		{428E194C-3D5B-4A4A-B5B5-CC8EBF54912B}.Release|Any CPU.ActiveCfg = Release|Any CPU
		{428E194C-3D5B-4A4A-B5B5-CC8EBF54912B}.Release|Any CPU.Build.0 = Release|Any CPU
	EndGlobalSection
EndGlobal
